
Microsoft Visual Studio Solution File, Format Version 12.00
# Visual Studio Version 16
VisualStudioVersion = 16.0.29926.136
MinimumVisualStudioVersion = 10.0.40219.1
Project("{FAE04EC0-301F-11D3-BF4B-00C04F79EFBC}") = "RDFTutorialLogic", "RDFTutorialLogic\RDFTutorialLogic.csproj", "{63D695CC-68E9-4B32-995E-872F7006C5C9}"
EndProject
Project("{FAE04EC0-301F-11D3-BF4B-00C04F79EFBC}") = "RDFTutorialUI", "RDFTutorialUI\RDFTutorialUI.csproj", "{74782027-3254-4C98-8199-42EC0245CB3E}"
EndProject
Global
	GlobalSection(SolutionConfigurationPlatforms) = preSolution
		Debug|Any CPU = Debug|Any CPU
		Release|Any CPU = Release|Any CPU
	EndGlobalSection
	GlobalSection(ProjectConfigurationPlatforms) = postSolution
		{63D695CC-68E9-4B32-995E-872F7006C5C9}.Debug|Any CPU.ActiveCfg = Debug|Any CPU
		{63D695CC-68E9-4B32-995E-872F7006C5C9}.Debug|Any CPU.Build.0 = Debug|Any CPU
		{63D695CC-68E9-4B32-995E-872F7006C5C9}.Release|Any CPU.ActiveCfg = Release|Any CPU
		{63D695CC-68E9-4B32-995E-872F7006C5C9}.Release|Any CPU.Build.0 = Release|Any CPU
		{74782027-3254-4C98-8199-42EC0245CB3E}.Debug|Any CPU.ActiveCfg = Debug|Any CPU
		{74782027-3254-4C98-8199-42EC0245CB3E}.Debug|Any CPU.Build.0 = Debug|Any CPU
		{74782027-3254-4C98-8199-42EC0245CB3E}.Release|Any CPU.ActiveCfg = Release|Any CPU
		{74782027-3254-4C98-8199-42EC0245CB3E}.Release|Any CPU.Build.0 = Release|Any CPU
	EndGlobalSection
	GlobalSection(SolutionProperties) = preSolution
		HideSolutionNode = FALSE
	EndGlobalSection
	GlobalSection(ExtensibilityGlobals) = postSolution
		SolutionGuid = {21A2ECF3-AB12-463E-B191-0ABFB4F9A3E1}
	EndGlobalSection
EndGlobal
